
Microsoft Visual Studio Solution File, Format Version 12.00
# Visual Studio Version 16
VisualStudioVersion = 16.0.31410.357
MinimumVisualStudioVersion = 10.0.40219.1
Project("{FAE04EC0-301F-11D3-BF4B-00C04F79EFBC}") = "NavigationMenu", "NavigationMenu\NavigationMenu.csproj", "{BB634CAB-D720-4A4E-A597-AD6C792B5A04}"
EndProject
Global
	GlobalSection(SolutionConfigurationPlatforms) = preSolution
		Debug|Any CPU = Debug|Any CPU
		Release|Any CPU = Release|Any CPU
	EndGlobalSection
	GlobalSection(ProjectConfigurationPlatforms) = postSolution
		{BB634CAB-D720-4A4E-A597-AD6C792B5A04}.Debug|Any CPU.ActiveCfg = Debug|Any CPU
		{BB634CAB-D720-4A4E-A597-AD6C792B5A04}.Debug|Any CPU.Build.0 = Debug|Any CPU
		{BB634CAB-D720-4A4E-A597-AD6C792B5A04}.Release|Any CPU.ActiveCfg = Release|Any CPU
		{BB634CAB-D720-4A4E-A597-AD6C792B5A04}.Release|Any CPU.Build.0 = Release|Any CPU
	EndGlobalSection
	GlobalSection(SolutionProperties) = preSolution
		HideSolutionNode = FALSE
	EndGlobalSection
	GlobalSection(ExtensibilityGlobals) = postSolution
		SolutionGuid = {524BB137-18F2-43F2-8814-FAEEB482829A}
	EndGlobalSection
EndGlobal
